
Microsoft Visual Studio Solution File, Format Version 12.00
# Visual Studio Version 17
VisualStudioVersion = 17.4.33213.308
MinimumVisualStudioVersion = 10.0.40219.1
Project("{9A19103F-16F7-4668-BE54-9A1E7A4F7556}") = "StudioMgn", "StudioMgn.csproj", "{AA9AB24F-180C-4310-A28E-DC0C9A5F2F80}"
EndProject
Global
	GlobalSection(SolutionConfigurationPlatforms) = preSolution
		Debug|Any CPU = Debug|Any CPU
		Release|Any CPU = Release|Any CPU
	EndGlobalSection
	GlobalSection(ProjectConfigurationPlatforms) = postSolution
		{AA9AB24F-180C-4310-A28E-DC0C9A5F2F80}.Debug|Any CPU.ActiveCfg = Debug|Any CPU
		{AA9AB24F-180C-4310-A28E-DC0C9A5F2F80}.Debug|Any CPU.Build.0 = Debug|Any CPU
		{AA9AB24F-180C-4310-A28E-DC0C9A5F2F80}.Release|Any CPU.ActiveCfg = Release|Any CPU
		{AA9AB24F-180C-4310-A28E-DC0C9A5F2F80}.Release|Any CPU.Build.0 = Release|Any CPU
	EndGlobalSection
	GlobalSection(SolutionProperties) = preSolution
		HideSolutionNode = FALSE
	EndGlobalSection
	GlobalSection(ExtensibilityGlobals) = postSolution
		SolutionGuid = {89081D17-207E-41BA-86EF-CC9E75DF713B}
	EndGlobalSection
EndGlobal
